
Microsoft Visual Studio Solution File, Format Version 12.00
# Visual Studio Version 16
VisualStudioVersion = 16.0.29306.81
MinimumVisualStudioVersion = 10.0.40219.1
Project("{E6C563F2-BDC2-4A24-ACBF-01715157DCBB}") = "DDosAttackDetector", "DDosAttackDetector.asaproj", "{4E2D7B85-6076-4099-867C-1572734BF098}"
EndProject
Global
	GlobalSection(SolutionConfigurationPlatforms) = preSolution
		Debug|Any CPU = Debug|Any CPU
		Release|Any CPU = Release|Any CPU
	EndGlobalSection
	GlobalSection(ProjectConfigurationPlatforms) = postSolution
		{4E2D7B85-6076-4099-867C-1572734BF098}.Debug|Any CPU.ActiveCfg = Debug|Any CPU
		{4E2D7B85-6076-4099-867C-1572734BF098}.Debug|Any CPU.Build.0 = Debug|Any CPU
		{4E2D7B85-6076-4099-867C-1572734BF098}.Release|Any CPU.ActiveCfg = Release|Any CPU
		{4E2D7B85-6076-4099-867C-1572734BF098}.Release|Any CPU.Build.0 = Release|Any CPU
	EndGlobalSection
	GlobalSection(SolutionProperties) = preSolution
		HideSolutionNode = FALSE
	EndGlobalSection
	GlobalSection(ExtensibilityGlobals) = postSolution
		SolutionGuid = {A24634E0-0B0C-4778-BD7A-E576E64EDD87}
	EndGlobalSection
EndGlobal
